<?xml version="1.0" encoding="utf-8"?>
<Project ToolsVersion="4.0" xmlns="http://schemas.microsoft.com/developer/msbuild/2003">
  <ItemGroup>
    <Filter Include="rnd">
      <UniqueIdentifier>{363ed827-f630-4030-8b98-070ee999c8ec}</UniqueIdentifier>
    </Filter>
    <Filter Include="asset">
      <UniqueIdentifier>{8678327c-3199-4cc7-ae69-e92595a933c1}</UniqueIdentifier>
    </Filter>
    <Filter Include="platform">
      <UniqueIdentifier>{dc1c8295-0248-4a40-a1c7-b057013d13df}</UniqueIdentifier>
    </Filter>
  </ItemGroup>
  <ItemGroup>
    <ClCompile Include="..\src\sparki\rnd\render.cpp">
      <Filter>rnd</Filter>
    </ClCompile>
    <ClCompile Include="..\src\sparki\rnd\render_base.cpp">
      <Filter>rnd</Filter>
    </ClCompile>
    <ClCompile Include="..\src\sparki\main.cpp" />
    <ClCompile Include="..\src\sparki\utility.cpp" />
    <ClCompile Include="..\src\sparki\game.cpp" />
    <ClCompile Include="..\src\sparki\asset\asset.cpp">
      <Filter>asset</Filter>
    </ClCompile>
    <ClCompile Include="..\src\sparki\platform\platform.cpp">
      <Filter>platform</Filter>
    </ClCompile>
    <ClCompile Include="..\src\sparki\platform\input.cpp">
      <Filter>platform</Filter>
    </ClCompile>
  </ItemGroup>
  <ItemGroup>
    <ClInclude Include="..\src\sparki\rnd\render.h">
      <Filter>rnd</Filter>
    </ClInclude>
    <ClInclude Include="..\src\sparki\rnd\render_base.h">
      <Filter>rnd</Filter>
    </ClInclude>
    <ClInclude Include="..\src\sparki\utility.h" />
    <ClInclude Include="..\src\sparki\game.h" />
    <ClInclude Include="..\src\sparki\asset\asset.h">
      <Filter>asset</Filter>
    </ClInclude>
    <ClInclude Include="..\src\sparki\asset\model.h">
      <Filter>asset</Filter>
    </ClInclude>
    <ClInclude Include="..\src\sparki\platform\platform.h">
      <Filter>platform</Filter>
    </ClInclude>
    <ClInclude Include="..\src\sparki\platform\input.h">
      <Filter>platform</Filter>
    </ClInclude>
  </ItemGroup>
</Project>