<?xml version="1.0" encoding="utf-8"?>
<Project ToolsVersion="4.0" xmlns="http://schemas.microsoft.com/developer/msbuild/2003">
  <ItemGroup>
    <Filter Include="rnd">
      <UniqueIdentifier>{363ed827-f630-4030-8b98-070ee999c8ec}</UniqueIdentifier>
    </Filter>
  </ItemGroup>
  <ItemGroup>
    <ClCompile Include="..\src\sparki\rnd\render.cpp">
      <Filter>rnd</Filter>
    </ClCompile>
    <ClCompile Include="..\src\sparki\rnd\render_base.cpp">
      <Filter>rnd</Filter>
    </ClCompile>
    <ClCompile Include="..\src\sparki\asset.cpp" />
    <ClCompile Include="..\src\sparki\main.cpp" />
    <ClCompile Include="..\src\sparki\platform.cpp" />
    <ClCompile Include="..\src\sparki\utility.cpp" />
    <ClCompile Include="..\src\sparki\engine.cpp" />
  </ItemGroup>
  <ItemGroup>
    <ClInclude Include="..\src\sparki\rnd\render.h">
      <Filter>rnd</Filter>
    </ClInclude>
    <ClInclude Include="..\src\sparki\rnd\render_base.h">
      <Filter>rnd</Filter>
    </ClInclude>
    <ClInclude Include="..\src\sparki\asset.h" />
    <ClInclude Include="..\src\sparki\model.h" />
    <ClInclude Include="..\src\sparki\platform.h" />
    <ClInclude Include="..\src\sparki\utility.h" />
    <ClInclude Include="..\src\sparki\engine.h" />
  </ItemGroup>
</Project>