
Microsoft Visual Studio Solution File, Format Version 12.00
# Visual Studio 15
VisualStudioVersion = 15.0.26228.4
MinimumVisualStudioVersion = 10.0.40219.1
Project("{8BC9CEB8-8B4A-11D0-8D11-00A0C91BC942}") = "SPARKi", "SPARKi.vcxproj", "{B914CE57-AB1B-45C9-8ACA-9F5BED648015}"
EndProject
Project("{8BC9CEB8-8B4A-11D0-8D11-00A0C91BC942}") = "math", "..\extern\math\msvc\math.vcxproj", "{86920BEB-F256-41EC-AC89-5EE139753123}"
EndProject
Project("{8BC9CEB8-8B4A-11D0-8D11-00A0C91BC942}") = "ts", "..\extern\ts\msvc\ts.vcxproj", "{8536E6B6-7C5B-4820-B10E-9757E06D20FB}"
EndProject
Project("{2150E333-8FDC-42A3-9474-1A3956D46DE8}") = "extern", "extern", "{895BC849-EE28-44A5-A8CF-B20889198FB4}"
EndProject
Project("{2150E333-8FDC-42A3-9474-1A3956D46DE8}") = "shaders", "shaders", "{645EEC7C-D5F0-48E3-B3DE-4663F6AC6A10}"
	ProjectSection(SolutionItems) = preProject
		..\data\shaders\equirect_to_skybox.compute.hlsl = ..\data\shaders\equirect_to_skybox.compute.hlsl
		..\data\shaders\rnd_skybox.hlsl = ..\data\shaders\rnd_skybox.hlsl
	EndProjectSection
EndProject
Global
	GlobalSection(SolutionConfigurationPlatforms) = preSolution
		Debug|x64 = Debug|x64
		Debug|x86 = Debug|x86
		Release|x64 = Release|x64
		Release|x86 = Release|x86
	EndGlobalSection
	GlobalSection(ProjectConfigurationPlatforms) = postSolution
		{B914CE57-AB1B-45C9-8ACA-9F5BED648015}.Debug|x64.ActiveCfg = Debug|x64
		{B914CE57-AB1B-45C9-8ACA-9F5BED648015}.Debug|x64.Build.0 = Debug|x64
		{B914CE57-AB1B-45C9-8ACA-9F5BED648015}.Debug|x86.ActiveCfg = Debug|Win32
		{B914CE57-AB1B-45C9-8ACA-9F5BED648015}.Debug|x86.Build.0 = Debug|Win32
		{B914CE57-AB1B-45C9-8ACA-9F5BED648015}.Release|x64.ActiveCfg = Release|x64
		{B914CE57-AB1B-45C9-8ACA-9F5BED648015}.Release|x64.Build.0 = Release|x64
		{B914CE57-AB1B-45C9-8ACA-9F5BED648015}.Release|x86.ActiveCfg = Release|Win32
		{B914CE57-AB1B-45C9-8ACA-9F5BED648015}.Release|x86.Build.0 = Release|Win32
		{86920BEB-F256-41EC-AC89-5EE139753123}.Debug|x64.ActiveCfg = Debug|x64
		{86920BEB-F256-41EC-AC89-5EE139753123}.Debug|x64.Build.0 = Debug|x64
		{86920BEB-F256-41EC-AC89-5EE139753123}.Debug|x86.ActiveCfg = Debug|Win32
		{86920BEB-F256-41EC-AC89-5EE139753123}.Debug|x86.Build.0 = Debug|Win32
		{86920BEB-F256-41EC-AC89-5EE139753123}.Release|x64.ActiveCfg = Release|x64
		{86920BEB-F256-41EC-AC89-5EE139753123}.Release|x64.Build.0 = Release|x64
		{86920BEB-F256-41EC-AC89-5EE139753123}.Release|x86.ActiveCfg = Release|Win32
		{86920BEB-F256-41EC-AC89-5EE139753123}.Release|x86.Build.0 = Release|Win32
		{8536E6B6-7C5B-4820-B10E-9757E06D20FB}.Debug|x64.ActiveCfg = Debug|x64
		{8536E6B6-7C5B-4820-B10E-9757E06D20FB}.Debug|x64.Build.0 = Debug|x64
		{8536E6B6-7C5B-4820-B10E-9757E06D20FB}.Debug|x86.ActiveCfg = Debug|Win32
		{8536E6B6-7C5B-4820-B10E-9757E06D20FB}.Debug|x86.Build.0 = Debug|Win32
		{8536E6B6-7C5B-4820-B10E-9757E06D20FB}.Release|x64.ActiveCfg = Release|x64
		{8536E6B6-7C5B-4820-B10E-9757E06D20FB}.Release|x64.Build.0 = Release|x64
		{8536E6B6-7C5B-4820-B10E-9757E06D20FB}.Release|x86.ActiveCfg = Release|Win32
		{8536E6B6-7C5B-4820-B10E-9757E06D20FB}.Release|x86.Build.0 = Release|Win32
	EndGlobalSection
	GlobalSection(SolutionProperties) = preSolution
		HideSolutionNode = FALSE
	EndGlobalSection
	GlobalSection(NestedProjects) = preSolution
		{86920BEB-F256-41EC-AC89-5EE139753123} = {895BC849-EE28-44A5-A8CF-B20889198FB4}
		{8536E6B6-7C5B-4820-B10E-9757E06D20FB} = {895BC849-EE28-44A5-A8CF-B20889198FB4}
	EndGlobalSection
EndGlobal
